
Microsoft Visual Studio Solution File, Format Version 12.00
# Visual Studio Version 18
VisualStudioVersion = 18.4.11620.152 stable
MinimumVisualStudioVersion = 10.0.40219.1
Project("{9A19103F-16F7-4668-BE54-9A1E7A4F7556}") = "HttpClientManager", "HttpClientManager.csproj", "{5DDBC84B-0A6B-49E5-851A-041C029927A9}"
EndProject
Project("{FAE04EC0-301F-11D3-BF4B-00C04F79EFBC}") = "HttpClientManager.Tests", "HttpClientManager.Tests\HttpClientManager.Tests.csproj", "{4139B552-2EFD-4B5E-803E-3EDA30AAD25A}"
EndProject
Global
	GlobalSection(SolutionConfigurationPlatforms) = preSolution
		Debug|Any CPU = Debug|Any CPU
		Release|Any CPU = Release|Any CPU
	EndGlobalSection
	GlobalSection(ProjectConfigurationPlatforms) = postSolution
		{5DDBC84B-0A6B-49E5-851A-041C029927A9}.Debug|Any CPU.ActiveCfg = Debug|Any CPU
		{5DDBC84B-0A6B-49E5-851A-041C029927A9}.Debug|Any CPU.Build.0 = Debug|Any CPU
		{5DDBC84B-0A6B-49E5-851A-041C029927A9}.Release|Any CPU.ActiveCfg = Release|Any CPU
		{5DDBC84B-0A6B-49E5-851A-041C029927A9}.Release|Any CPU.Build.0 = Release|Any CPU
		{4139B552-2EFD-4B5E-803E-3EDA30AAD25A}.Debug|Any CPU.ActiveCfg = Debug|Any CPU
		{4139B552-2EFD-4B5E-803E-3EDA30AAD25A}.Debug|Any CPU.Build.0 = Debug|Any CPU
		{4139B552-2EFD-4B5E-803E-3EDA30AAD25A}.Release|Any CPU.ActiveCfg = Release|Any CPU
		{4139B552-2EFD-4B5E-803E-3EDA30AAD25A}.Release|Any CPU.Build.0 = Release|Any CPU
	EndGlobalSection
	GlobalSection(SolutionProperties) = preSolution
		HideSolutionNode = FALSE
	EndGlobalSection
	GlobalSection(ExtensibilityGlobals) = postSolution
		SolutionGuid = {4961177A-C185-45D4-8674-DEEDAB1D5BA7}
	EndGlobalSection
EndGlobal
